{
  "name": "wasm",
  "lockfileVersion": 3,
  "requires": true,
  "packages": {
    "": {
      "dependencies": {
        "@assemblyscript/loader": "^0.21.5"
      },
      "devDependencies": {
        "assemblyscript": "^0.21.5"
      }
    },
    "node_modules/@assemblyscript/loader": {
      "version": "0.21.7",
      "resolved": "https://registry.npmjs.org/@assemblyscript/loader/-/loader-0.21.7.tgz",
      "integrity": "sha512-T0Ako85Yqlxe0PzJT1bJEpv7zxEdnJ1hhQQclLCUYQ7lJUDD79e26CwDLIDGdQYIaG7lDnQyZEWbg8IYtqhXqA=="
    },
    "node_modules/assemblyscript": {
      "version": "0.21.7",
      "resolved": "https://registry.npmjs.org/assemblyscript/-/assemblyscript-0.21.7.tgz",
      "integrity": "sha512-GPKavCMUVZbrU31KTBMtnsRZa9pPN10ApfkPGNdL70Qpu/rORbTCte/37dnIUnQdXHm+5vHmG+iGRWmwJO5hvA==",
      "dev": true,
      "dependencies": {
        "binaryen": "110.0.0-nightly.20221006",
        "long": "^5.2.0"
      },
      "bin": {
        "asc": "bin/asc.js",
        "asinit": "bin/asinit.js"
      },
      "engines": {
        "node": ">=16.0.0",
        "npm": ">=7.0.0"
      },
      "funding": {
        "type": "opencollective",
        "url": "https://opencollective.com/assemblyscript"
      }
    },
    "node_modules/binaryen": {
      "version": "110.0.0-nightly.20221006",
      "resolved": "https://registry.npmjs.org/binaryen/-/binaryen-110.0.0-nightly.20221006.tgz",
      "integrity": "sha512-yC7ZLoaZmXhm5cB0+g3rZkz5ujPSlhX+FEQtgaQHVxcL78D8cTXdRSdajhgQD345BVPsooOrSxqhX6tnULgBWg==",
      "dev": true,
      "bin": {
        "wasm-opt": "bin/wasm-opt",
        "wasm2js": "bin/wasm2js"
      }
    },
    "node_modules/long": {
      "version": "5.2.1",
      "resolved": "https://registry.npmjs.org/long/-/long-5.2.1.tgz",
      "integrity": "sha512-GKSNGeNAtw8IryjjkhZxuKB3JzlcLTwjtiQCHKvqQet81I93kXslhDQruGI/QsddO83mcDToBVy7GqGS/zYf/A==",
      "dev": true
    }
  }
}
