{
  "name": "wasm",
  "lockfileVersion": 3,
  "requires": true,
  "packages": {
    "": {
      "dependencies": {
        "@assemblyscript/loader": "^0.27.0"
      },
      "devDependencies": {
        "assemblyscript": "^0.27.0"
      }
    },
    "node_modules/@assemblyscript/loader": {
      "version": "0.27.0",
      "resolved": "https://registry.npmjs.org/@assemblyscript/loader/-/loader-0.27.0.tgz",
      "integrity": "sha512-c9c4lAJ0QLqqNtnB9LfgYeiimkpqjqgY+zbrmc+BQytA2AejZ8p01x+0IlQueS48AP4CIEKvlPDtHSdZvvf9cw=="
    },
    "node_modules/assemblyscript": {
      "version": "0.27.0",
      "resolved": "https://registry.npmjs.org/assemblyscript/-/assemblyscript-0.27.0.tgz",
      "integrity": "sha512-qD/pH71hHwI6dpR4LGMBASUH8E9jlLxIJXpuzC+2h2CzGS6JAq7nD2SHwG6uOVuzClYljo3gOr2JBzWTYpbq/Q==",
      "dev": true,
      "dependencies": {
        "binaryen": "111.0.0-nightly.20230111",
        "long": "^5.2.0"
      },
      "bin": {
        "asc": "bin/asc.js",
        "asinit": "bin/asinit.js"
      },
      "engines": {
        "node": ">=16.0.0",
        "npm": ">=7.0.0"
      },
      "funding": {
        "type": "opencollective",
        "url": "https://opencollective.com/assemblyscript"
      }
    },
    "node_modules/binaryen": {
      "version": "111.0.0-nightly.20230111",
      "resolved": "https://registry.npmjs.org/binaryen/-/binaryen-111.0.0-nightly.20230111.tgz",
      "integrity": "sha512-CUEED/yMHoGeGnOZhQJW5+Luf5z/F58PHK5lw2feh5fbbqauodgnxyYkc2oxSjYwHHRCmFmaYyeQH4zlhRbebg==",
      "dev": true,
      "bin": {
        "wasm-opt": "bin/wasm-opt",
        "wasm2js": "bin/wasm2js"
      }
    },
    "node_modules/long": {
      "version": "5.2.1",
      "resolved": "https://registry.npmjs.org/long/-/long-5.2.1.tgz",
      "integrity": "sha512-GKSNGeNAtw8IryjjkhZxuKB3JzlcLTwjtiQCHKvqQet81I93kXslhDQruGI/QsddO83mcDToBVy7GqGS/zYf/A==",
      "dev": true
    }
  }
}
