# @generated by Move, please check-in and do not edit manually.

[move]
version = 1
manifest_digest = "5EA86322EB0D41DB602FC67520F0B299F70D8389B3E893E2CB322896A7272692"
deps_digest = "060AD7E57DFB13104F21BE5F5C3759D03F0553FC3229247D9A7A6B45F50D03A3"
dependencies = [
  { name = "MoveStdlib" },
  { name = "Stardust" },
  { name = "Sui" },
]

[[move.package]]
name = "MoveStdlib"
source = { local = "../../crates/sui-framework/packages/move-stdlib" }

[[move.package]]
name = "Stardust"
source = { local = "../../crates/sui-framework/packages/stardust" }

dependencies = [
  { name = "MoveStdlib" },
  { name = "Sui" },
]

[[move.package]]
name = "Sui"
source = { local = "../../crates/sui-framework/packages/sui-framework" }

dependencies = [
  { name = "MoveStdlib" },
]

[move.toolchain-version]
compiler-version = "1.22.0"
edition = "legacy"
flavor = "sui"
