{
  "name": "wasmlib",
  "version": "1.0.0",
  "lockfileVersion": 2,
  "requires": true,
  "packages": {
    "": {
      "name": "wasmlib",
      "version": "1.0.0",
      "dependencies": {
        "@assemblyscript/loader": "^0.21.5"
      },
      "devDependencies": {
        "assemblyscript": "^0.26.0"
      }
    },
    "node_modules/@assemblyscript/loader": {
      "version": "0.21.7",
      "resolved": "https://registry.npmjs.org/@assemblyscript/loader/-/loader-0.21.7.tgz",
      "integrity": "sha512-T0Ako85Yqlxe0PzJT1bJEpv7zxEdnJ1hhQQclLCUYQ7lJUDD79e26CwDLIDGdQYIaG7lDnQyZEWbg8IYtqhXqA=="
    },
    "node_modules/assemblyscript": {
      "version": "0.26.6",
      "resolved": "https://registry.npmjs.org/assemblyscript/-/assemblyscript-0.26.6.tgz",
      "integrity": "sha512-+38f/iwtCBqfbEU7Xc2g8NQ7Tqlzi9jSTrUH+snIaKa+Ob7GKlm8w3rTr3lJPB12TuFNByOiWn8ut1LvFyZgxg==",
      "dev": true,
      "dependencies": {
        "binaryen": "111.0.0-nightly.20230111",
        "long": "^5.2.0"
      },
      "bin": {
        "asc": "bin/asc.js",
        "asinit": "bin/asinit.js"
      },
      "engines": {
        "node": ">=16.0.0",
        "npm": ">=7.0.0"
      },
      "funding": {
        "type": "opencollective",
        "url": "https://opencollective.com/assemblyscript"
      }
    },
    "node_modules/binaryen": {
      "version": "111.0.0-nightly.20230111",
      "resolved": "https://registry.npmjs.org/binaryen/-/binaryen-111.0.0-nightly.20230111.tgz",
      "integrity": "sha512-CUEED/yMHoGeGnOZhQJW5+Luf5z/F58PHK5lw2feh5fbbqauodgnxyYkc2oxSjYwHHRCmFmaYyeQH4zlhRbebg==",
      "dev": true,
      "bin": {
        "wasm-opt": "bin/wasm-opt",
        "wasm2js": "bin/wasm2js"
      }
    },
    "node_modules/long": {
      "version": "5.2.1",
      "resolved": "https://registry.npmjs.org/long/-/long-5.2.1.tgz",
      "integrity": "sha512-GKSNGeNAtw8IryjjkhZxuKB3JzlcLTwjtiQCHKvqQet81I93kXslhDQruGI/QsddO83mcDToBVy7GqGS/zYf/A==",
      "dev": true
    }
  },
  "dependencies": {
    "@assemblyscript/loader": {
      "version": "0.21.7",
      "resolved": "https://registry.npmjs.org/@assemblyscript/loader/-/loader-0.21.7.tgz",
      "integrity": "sha512-T0Ako85Yqlxe0PzJT1bJEpv7zxEdnJ1hhQQclLCUYQ7lJUDD79e26CwDLIDGdQYIaG7lDnQyZEWbg8IYtqhXqA=="
    },
    "assemblyscript": {
      "version": "0.26.6",
      "resolved": "https://registry.npmjs.org/assemblyscript/-/assemblyscript-0.26.6.tgz",
      "integrity": "sha512-+38f/iwtCBqfbEU7Xc2g8NQ7Tqlzi9jSTrUH+snIaKa+Ob7GKlm8w3rTr3lJPB12TuFNByOiWn8ut1LvFyZgxg==",
      "dev": true,
      "requires": {
        "binaryen": "111.0.0-nightly.20230111",
        "long": "^5.2.0"
      }
    },
    "binaryen": {
      "version": "111.0.0-nightly.20230111",
      "resolved": "https://registry.npmjs.org/binaryen/-/binaryen-111.0.0-nightly.20230111.tgz",
      "integrity": "sha512-CUEED/yMHoGeGnOZhQJW5+Luf5z/F58PHK5lw2feh5fbbqauodgnxyYkc2oxSjYwHHRCmFmaYyeQH4zlhRbebg==",
      "dev": true
    },
    "long": {
      "version": "5.2.1",
      "resolved": "https://registry.npmjs.org/long/-/long-5.2.1.tgz",
      "integrity": "sha512-GKSNGeNAtw8IryjjkhZxuKB3JzlcLTwjtiQCHKvqQet81I93kXslhDQruGI/QsddO83mcDToBVy7GqGS/zYf/A==",
      "dev": true
    }
  }
}
